
Microsoft Visual Studio Solution File, Format Version 12.00
# Visual Studio Version 17
VisualStudioVersion = 17.8.34511.84
MinimumVisualStudioVersion = 10.0.40219.1
Project("{FAE04EC0-301F-11D3-BF4B-00C04F79EFBC}") = "Concesionaria", "Concesionaria.csproj", "{AFEF190F-0E83-4FB1-8A45-DD9DBC0E35A2}"
EndProject
Global
	GlobalSection(SolutionConfigurationPlatforms) = preSolution
		Debug|Any CPU = Debug|Any CPU
		Release|Any CPU = Release|Any CPU
	EndGlobalSection
	GlobalSection(ProjectConfigurationPlatforms) = postSolution
		{AFEF190F-0E83-4FB1-8A45-DD9DBC0E35A2}.Debug|Any CPU.ActiveCfg = Debug|Any CPU
		{AFEF190F-0E83-4FB1-8A45-DD9DBC0E35A2}.Debug|Any CPU.Build.0 = Debug|Any CPU
		{AFEF190F-0E83-4FB1-8A45-DD9DBC0E35A2}.Release|Any CPU.ActiveCfg = Release|Any CPU
		{AFEF190F-0E83-4FB1-8A45-DD9DBC0E35A2}.Release|Any CPU.Build.0 = Release|Any CPU
	EndGlobalSection
	GlobalSection(SolutionProperties) = preSolution
		HideSolutionNode = FALSE
	EndGlobalSection
	GlobalSection(ExtensibilityGlobals) = postSolution
		SolutionGuid = {82B66500-BD56-4782-89E2-F59A5A06237C}
	EndGlobalSection
EndGlobal
